
Microsoft Visual Studio Solution File, Format Version 12.00
# Visual Studio Version 16
VisualStudioVersion = 16.0.30406.217
MinimumVisualStudioVersion = 10.0.40219.1
Project("{8BC9CEB8-8B4A-11D0-8D11-00A0C91BC942}") = "1002_ChatBot", "1002_ChatBot.vcxproj", "{AE7554A6-9AA6-4115-82E1-F2910E757ACB}"
EndProject
Global
	GlobalSection(SolutionConfigurationPlatforms) = preSolution
		Debug|x64 = Debug|x64
		Debug|x86 = Debug|x86
		Release|x64 = Release|x64
		Release|x86 = Release|x86
	EndGlobalSection
	GlobalSection(ProjectConfigurationPlatforms) = postSolution
		{AE7554A6-9AA6-4115-82E1-F2910E757ACB}.Debug|x64.ActiveCfg = Debug|x64
		{AE7554A6-9AA6-4115-82E1-F2910E757ACB}.Debug|x64.Build.0 = Debug|x64
		{AE7554A6-9AA6-4115-82E1-F2910E757ACB}.Debug|x86.ActiveCfg = Debug|Win32
		{AE7554A6-9AA6-4115-82E1-F2910E757ACB}.Debug|x86.Build.0 = Debug|Win32
		{AE7554A6-9AA6-4115-82E1-F2910E757ACB}.Release|x64.ActiveCfg = Release|x64
		{AE7554A6-9AA6-4115-82E1-F2910E757ACB}.Release|x64.Build.0 = Release|x64
		{AE7554A6-9AA6-4115-82E1-F2910E757ACB}.Release|x86.ActiveCfg = Release|Win32
		{AE7554A6-9AA6-4115-82E1-F2910E757ACB}.Release|x86.Build.0 = Release|Win32
	EndGlobalSection
	GlobalSection(SolutionProperties) = preSolution
		HideSolutionNode = FALSE
	EndGlobalSection
	GlobalSection(ExtensibilityGlobals) = postSolution
		SolutionGuid = {C3E59192-3681-4426-AE27-F8D18200F187}
	EndGlobalSection
EndGlobal
